
Microsoft Visual Studio Solution File, Format Version 12.00
# Visual Studio 14
VisualStudioVersion = 14.0.25420.1
MinimumVisualStudioVersion = 10.0.40219.1
Project("{F184B08F-C81C-45F6-A57F-5ABD9991F28F}") = "SalesWorx_BO_DAL", "SalesWorx_BO_DAL\SalesWorx_BO_DAL.vbproj", "{64A748EC-D6C0-4251-962E-6CE798AC5FE8}"
EndProject
Project("{F184B08F-C81C-45F6-A57F-5ABD9991F28F}") = "SalesWorx_BO", "SalesWorx_BO\SalesWorx_BO.vbproj", "{866D7019-B817-4420-9A9D-22813DBB93F3}"
EndProject
Project("{F184B08F-C81C-45F6-A57F-5ABD9991F28F}") = "SalesWorx_BO_Common", "SalesWorx_BO_Common\SalesWorx_BO_Common.vbproj", "{5CC8B0D4-35B6-41DE-BFA6-41BCDAF398EC}"
EndProject
Project("{F184B08F-C81C-45F6-A57F-5ABD9991F28F}") = "SalesWorx_CryptoUtil", "SalesWorx_CryptoUtil\SalesWorx_CryptoUtil.vbproj", "{563B6BEB-6023-4E1D-8AB9-FDCCB540FC61}"
EndProject
Project("{F184B08F-C81C-45F6-A57F-5ABD9991F28F}") = "Approval_Code_Generator", "Approval_Code_Generator\Approval_Code_Generator.vbproj", "{9CDE42D4-5D4C-4D97-8443-1013D981200F}"
EndProject
Project("{F184B08F-C81C-45F6-A57F-5ABD9991F28F}") = "SalesWorx_PushNotification", "SalesWorx_PushNotification\SalesWorx_PushNotification.vbproj", "{6CFCC528-8D4A-49EB-A800-4D5ADABEBB94}"
EndProject
Project("{2150E333-8FDC-42A3-9474-1A3956D46DE8}") = ".nuget", ".nuget", "{0BB4B09D-0647-4766-ADFC-BF7A0174BE03}"
	ProjectSection(SolutionItems) = preProject
		.nuget\NuGet.Config = .nuget\NuGet.Config
		.nuget\NuGet.targets = .nuget\NuGet.targets
	EndProjectSection
EndProject
Project("{2150E333-8FDC-42A3-9474-1A3956D46DE8}") = "ExcelFolder", "ExcelFolder", "{A2BEBC3E-5999-4523-9B80-7D110F67178E}"
EndProject
Project("{2150E333-8FDC-42A3-9474-1A3956D46DE8}") = "UploadLog", "UploadLog", "{44F75798-21A4-4D52-ABA8-0C7C46BA021E}"
EndProject
Project("{911E67C6-3D85-4FCE-B560-20A9C3E3FF48}") = "NuGet", "D:\Jan\SalesWorx\.nuget\NuGet.exe", "{314B8A25-246F-4CA5-A810-09754D838055}"
	ProjectSection(DebuggerProjectSystem) = preProject
		PortSupplier = 00000000-0000-0000-0000-000000000000
		Executable = D:\Jan\SalesWorx\.nuget\NuGet.exe
		RemoteMachine = DESKTOP-OTKR41E
		StartingDirectory = D:\Jan\SalesWorx\.nuget
		Environment = Default
		LaunchingEngine = 00000000-0000-0000-0000-000000000000
		UseLegacyDebugEngines = No
		LaunchSQLEngine = No
		AttachLaunchAction = No
	EndProjectSection
EndProject
Global
	GlobalSection(SolutionConfigurationPlatforms) = preSolution
		Debug|Any CPU = Debug|Any CPU
		Release|Any CPU = Release|Any CPU
	EndGlobalSection
	GlobalSection(ProjectConfigurationPlatforms) = postSolution
		{64A748EC-D6C0-4251-962E-6CE798AC5FE8}.Debug|Any CPU.ActiveCfg = Debug|Any CPU
		{64A748EC-D6C0-4251-962E-6CE798AC5FE8}.Debug|Any CPU.Build.0 = Debug|Any CPU
		{64A748EC-D6C0-4251-962E-6CE798AC5FE8}.Release|Any CPU.ActiveCfg = Release|Any CPU
		{64A748EC-D6C0-4251-962E-6CE798AC5FE8}.Release|Any CPU.Build.0 = Release|Any CPU
		{866D7019-B817-4420-9A9D-22813DBB93F3}.Debug|Any CPU.ActiveCfg = Debug|Any CPU
		{866D7019-B817-4420-9A9D-22813DBB93F3}.Debug|Any CPU.Build.0 = Debug|Any CPU
		{866D7019-B817-4420-9A9D-22813DBB93F3}.Release|Any CPU.ActiveCfg = Release|Any CPU
		{866D7019-B817-4420-9A9D-22813DBB93F3}.Release|Any CPU.Build.0 = Release|Any CPU
		{5CC8B0D4-35B6-41DE-BFA6-41BCDAF398EC}.Debug|Any CPU.ActiveCfg = Debug|Any CPU
		{5CC8B0D4-35B6-41DE-BFA6-41BCDAF398EC}.Debug|Any CPU.Build.0 = Debug|Any CPU
		{5CC8B0D4-35B6-41DE-BFA6-41BCDAF398EC}.Release|Any CPU.ActiveCfg = Release|Any CPU
		{5CC8B0D4-35B6-41DE-BFA6-41BCDAF398EC}.Release|Any CPU.Build.0 = Release|Any CPU
		{563B6BEB-6023-4E1D-8AB9-FDCCB540FC61}.Debug|Any CPU.ActiveCfg = Debug|Any CPU
		{563B6BEB-6023-4E1D-8AB9-FDCCB540FC61}.Debug|Any CPU.Build.0 = Debug|Any CPU
		{563B6BEB-6023-4E1D-8AB9-FDCCB540FC61}.Release|Any CPU.ActiveCfg = Release|Any CPU
		{563B6BEB-6023-4E1D-8AB9-FDCCB540FC61}.Release|Any CPU.Build.0 = Release|Any CPU
		{9CDE42D4-5D4C-4D97-8443-1013D981200F}.Debug|Any CPU.ActiveCfg = Debug|Any CPU
		{9CDE42D4-5D4C-4D97-8443-1013D981200F}.Debug|Any CPU.Build.0 = Debug|Any CPU
		{9CDE42D4-5D4C-4D97-8443-1013D981200F}.Release|Any CPU.ActiveCfg = Release|Any CPU
		{9CDE42D4-5D4C-4D97-8443-1013D981200F}.Release|Any CPU.Build.0 = Release|Any CPU
		{6CFCC528-8D4A-49EB-A800-4D5ADABEBB94}.Debug|Any CPU.ActiveCfg = Debug|Any CPU
		{6CFCC528-8D4A-49EB-A800-4D5ADABEBB94}.Debug|Any CPU.Build.0 = Debug|Any CPU
		{6CFCC528-8D4A-49EB-A800-4D5ADABEBB94}.Release|Any CPU.ActiveCfg = Release|Any CPU
		{6CFCC528-8D4A-49EB-A800-4D5ADABEBB94}.Release|Any CPU.Build.0 = Release|Any CPU
		{314B8A25-246F-4CA5-A810-09754D838055}.Debug|Any CPU.ActiveCfg = Release|Any CPU
		{314B8A25-246F-4CA5-A810-09754D838055}.Release|Any CPU.ActiveCfg = Release|Any CPU
	EndGlobalSection
	GlobalSection(SolutionProperties) = preSolution
		HideSolutionNode = FALSE
	EndGlobalSection
	GlobalSection(NestedProjects) = preSolution
		{44F75798-21A4-4D52-ABA8-0C7C46BA021E} = {A2BEBC3E-5999-4523-9B80-7D110F67178E}
		{314B8A25-246F-4CA5-A810-09754D838055} = {0BB4B09D-0647-4766-ADFC-BF7A0174BE03}
	EndGlobalSection
EndGlobal
